
Microsoft Visual Studio Solution File, Format Version 12.00
# Visual Studio Version 17
VisualStudioVersion = 17.6.33801.468
MinimumVisualStudioVersion = 10.0.40219.1
Project("{FAE04EC0-301F-11D3-BF4B-00C04F79EFBC}") = "TaskManager.Api", "TaskManager.Api\TaskManager.Api.csproj", "{26011874-CD0E-4F89-8542-8AECF61E11F8}"
EndProject
Global
	GlobalSection(SolutionConfigurationPlatforms) = preSolution
		Debug|Any CPU = Debug|Any CPU
		Release|Any CPU = Release|Any CPU
	EndGlobalSection
	GlobalSection(ProjectConfigurationPlatforms) = postSolution
		{26011874-CD0E-4F89-8542-8AECF61E11F8}.Debug|Any CPU.ActiveCfg = Debug|Any CPU
		{26011874-CD0E-4F89-8542-8AECF61E11F8}.Debug|Any CPU.Build.0 = Debug|Any CPU
		{26011874-CD0E-4F89-8542-8AECF61E11F8}.Release|Any CPU.ActiveCfg = Release|Any CPU
		{26011874-CD0E-4F89-8542-8AECF61E11F8}.Release|Any CPU.Build.0 = Release|Any CPU
	EndGlobalSection
	GlobalSection(SolutionProperties) = preSolution
		HideSolutionNode = FALSE
	EndGlobalSection
	GlobalSection(ExtensibilityGlobals) = postSolution
		SolutionGuid = {C7C9951C-826C-43E2-8F18-5097A46BAB05}
	EndGlobalSection
EndGlobal
